lockfileVersion: '6.0'

settings:
  autoInstallPeers: true
  excludeLinksFromLockfile: false

dependencies:
  '@netlify/functions':
    specifier: ^1.6.0
    version: 1.6.0
  '@types/node':
    specifier: ^14.18.50
    version: 14.18.50
  typescript:
    specifier: ^4.9.5
    version: 4.9.5

packages:

  /@netlify/functions@1.6.0:
    resolution: {integrity: sha512-6G92AlcpFrQG72XU8YH8pg94eDnq7+Q0YJhb8x4qNpdGsvuzvrfHWBmqFGp/Yshmv4wex9lpsTRZOocdrA2erQ==}
    engines: {node: '>=14.0.0'}
    dependencies:
      is-promise: 4.0.0
    dev: false

  /@types/node@14.18.50:
    resolution: {integrity: sha512-DdJP83r2Zp5x32la3jEzjIlB85+2gMPUHP1xFL2xFORzbJ94sNwh4b6ZBaF6EN/7BTII6mba3yakqfLEnt5eZg==}
    dev: false

  /is-promise@4.0.0:
    resolution: {integrity: sha512-hvpoI6korhJMnej285dSg6nu1+e6uxs7zG3BYAm5byqDsgJNWwxzM6z6iZiAgQR4TJ30JmBTOwqZUw3WlyH3AQ==}
    dev: false

  /typescript@4.9.5:
    resolution: {integrity: sha512-1FXk9E2Hm+QzZQ7z+McJiHL4NW1F2EzMu9Nq9i3zAaGqibafqYwCVU6WyWAuyQRRzOlxou8xZSyXLEN8oKj24g==}
    engines: {node: '>=4.2.0'}
    hasBin: true
    dev: false
